// !$*UTF8*$!
{
	archiveVersion = 1;
	classes = {
	};
	objectVersion = 50;
	objects = {

/* Begin PBXBuildFile section */
		D1AC9D612513C1620026F6B5 /* AppDelegate.swift in Sources */ = {isa = PBXBuildFile; fileRef = D1AC9D602513C1620026F6B5 /* AppDelegate.swift */; };
		D1AC9D632513C1620026F6B5 /* SceneDelegate.swift in Sources */ = {isa = PBXBuildFile; fileRef = D1AC9D622513C1620026F6B5 /* SceneDelegate.swift */; };
		D1AC9D652513C1620026F6B5 /* ViewController.swift in Sources */ = {isa = PBXBuildFile; fileRef = D1AC9D642513C1620026F6B5 /* ViewController.swift */; };
		D1AC9D682513C1620026F6B5 /* Main.storyboard in Resources */ = {isa = PBXBuildFile; fileRef = D1AC9D662513C1620026F6B5 /* Main.storyboard */; };
		D1AC9D6A2513C1630026F6B5 /* Assets.xcassets in Resources */ = {isa = PBXBuildFile; fileRef = D1AC9D692513C1630026F6B5 /* Assets.xcassets */; };
		D1AC9D6D2513C1630026F6B5 /* LaunchScreen.storyboard in Resources */ = {isa = PBXBuildFile; fileRef = D1AC9D6B2513C1630026F6B5 /* LaunchScreen.storyboard */; };
		D1AC9D782513C1630026F6B5 /* ProfileTests.swift in Sources */ = {isa = PBXBuildFile; fileRef = D1AC9D772513C1630026F6B5 /* ProfileTests.swift */; };
		D1AC9D832513C1630026F6B5 /* ProfileUITests.swift in Sources */ = {isa = PBXBuildFile; fileRef = D1AC9D822513C1630026F6B5 /* ProfileUITests.swift */; };
/* End PBXBuildFile section */

/* Begin PBXContainerItemProxy section */
		D1AC9D742513C1630026F6B5 /* PBXContainerItemProxy */ = {
			isa = PBXContainerItemProxy;
			containerPortal = D1AC9D552513C1620026F6B5 /* Project object */;
			proxyType = 1;
			remoteGlobalIDString = D1AC9D5C2513C1620026F6B5;
			remoteInfo = Profile;
		};
		D1AC9D7F2513C1630026F6B5 /* PBXContainerItemProxy */ = {
			isa = PBXContainerItemProxy;
			containerPortal = D1AC9D552513C1620026F6B5 /* Project object */;
			proxyType = 1;
			remoteGlobalIDString = D1AC9D5C2513C1620026F6B5;
			remoteInfo = Profile;
		};
/* End PBXContainerItemProxy section */

/* Begin PBXFileReference section */
		D1AC9D5D2513C1620026F6B5 /* Profile.app */ = {isa = PBXFileReference; explicitFileType = wrapper.application; includeInIndex = 0; path = Profile.app; sourceTree = BUILT_PRODUCTS_DIR; };
		D1AC9D602513C1620026F6B5 /* AppDelegate.swift */ = {isa = PBXFileReference; lastKnownFileType = sourcecode.swift; path = AppDelegate.swift; sourceTree = "<group>"; };
		D1AC9D622513C1620026F6B5 /* SceneDelegate.swift */ = {isa = PBXFileReference; lastKnownFileType = sourcecode.swift; path = SceneDelegate.swift; sourceTree = "<group>"; };
		D1AC9D642513C1620026F6B5 /* ViewController.swift */ = {isa = PBXFileReference; lastKnownFileType = sourcecode.swift; path = ViewController.swift; sourceTree = "<group>"; };
		D1AC9D672513C1620026F6B5 /* Base */ = {isa = PBXFileReference; lastKnownFileType = file.storyboard; name = Base; path = Base.lproj/Main.storyboard; sourceTree = "<group>"; };
		D1AC9D692513C1630026F6B5 /* Assets.xcassets */ = {isa = PBXFileReference; lastKnownFileType = folder.assetcatalog; path = Assets.xcassets; sourceTree = "<group>"; };
		D1AC9D6C2513C1630026F6B5 /* Base */ = {isa = PBXFileReference; lastKnownFileType = file.storyboard; name = Base; path = Base.lproj/LaunchScreen.storyboard; sourceTree = "<group>"; };
		D1AC9D6E2513C1630026F6B5 /* Info.plist */ = {isa = PBXFileReference; lastKnownFileType = text.plist.xml; path = Info.plist; sourceTree = "<group>"; };
		D1AC9D732513C1630026F6B5 /* ProfileTests.xctest */ = {isa = PBXFileReference; explicitFileType = wrapper.cfbundle; includeInIndex = 0; path = ProfileTests.xctest; sourceTree = BUILT_PRODUCTS_DIR; };
		D1AC9D772513C1630026F6B5 /* ProfileTests.swift */ = {isa = PBXFileReference; lastKnownFileType = sourcecode.swift; path = ProfileTests.swift; sourceTree = "<group>"; };
		D1AC9D792513C1630026F6B5 /* Info.plist */ = {isa = PBXFileReference; lastKnownFileType = text.plist.xml; path = Info.plist; sourceTree = "<group>"; };
		D1AC9D7E2513C1630026F6B5 /* ProfileUITests.xctest */ = {isa = PBXFileReference; explicitFileType = wrapper.cfbundle; includeInIndex = 0; path = ProfileUITests.xctest; sourceTree = BUILT_PRODUCTS_DIR; };
		D1AC9D822513C1630026F6B5 /* ProfileUITests.swift */ = {isa = PBXFileReference; lastKnownFileType = sourcecode.swift; path = ProfileUITests.swift; sourceTree = "<group>"; };
		D1AC9D842513C1630026F6B5 /* Info.plist */ = {isa = PBXFileReference; lastKnownFileType = text.plist.xml; path = Info.plist; sourceTree = "<group>"; };
/* End PBXFileReference section */

/* Begin PBXFrameworksBuildPhase section */
		D1AC9D5A2513C1620026F6B5 /* Frameworks */ = {
			isa = PBXFrameworksBuildPhase;
			buildActionMask = 2147483647;
			files = (
			);
			runOnlyForDeploymentPostprocessing = 0;
		};
		D1AC9D702513C1630026F6B5 /* Frameworks */ = {
			isa = PBXFrameworksBuildPhase;
			buildActionMask = 2147483647;
			files = (
			);
			runOnlyForDeploymentPostprocessing = 0;
		};
		D1AC9D7B2513C1630026F6B5 /* Frameworks */ = {
			isa = PBXFrameworksBuildPhase;
			buildActionMask = 2147483647;
			files = (
			);
			runOnlyForDeploymentPostprocessing = 0;
		};
/* End PBXFrameworksBuildPhase section */

/* Begin PBXGroup section */
		D1AC9D542513C1620026F6B5 = {
			isa = PBXGroup;
			children = (
				D1AC9D5F2513C1620026F6B5 /* Profile */,
				D1AC9D762513C1630026F6B5 /* ProfileTests */,
				D1AC9D812513C1630026F6B5 /* ProfileUITests */,
				D1AC9D5E2513C1620026F6B5 /* Products */,
			);
			sourceTree = "<group>";
		};
		D1AC9D5E2513C1620026F6B5 /* Products */ = {
			isa = PBXGroup;
			children = (
				D1AC9D5D2513C1620026F6B5 /* Profile.app */,
				D1AC9D732513C1630026F6B5 /* ProfileTests.xctest */,
				D1AC9D7E2513C1630026F6B5 /* ProfileUITests.xctest */,
			);
			name = Products;
			sourceTree = "<group>";
		};
		D1AC9D5F2513C1620026F6B5 /* Profile */ = {
			isa = PBXGroup;
			children = (
				D1AC9D602513C1620026F6B5 /* AppDelegate.swift */,
				D1AC9D622513C1620026F6B5 /* SceneDelegate.swift */,
				D1AC9D642513C1620026F6B5 /* ViewController.swift */,
				D1AC9D662513C1620026F6B5 /* Main.storyboard */,
				D1AC9D692513C1630026F6B5 /* Assets.xcassets */,
				D1AC9D6B2513C1630026F6B5 /* LaunchScreen.storyboard */,
				D1AC9D6E2513C1630026F6B5 /* Info.plist */,
			);
			path = Profile;
			sourceTree = "<group>";
		};
		D1AC9D762513C1630026F6B5 /* ProfileTests */ = {
			isa = PBXGroup;
			children = (
				D1AC9D772513C1630026F6B5 /* ProfileTests.swift */,
				D1AC9D792513C1630026F6B5 /* Info.plist */,
			);
			path = ProfileTests;
			sourceTree = "<group>";
		};
		D1AC9D812513C1630026F6B5 /* ProfileUITests */ = {
			isa = PBXGroup;
			children = (
				D1AC9D822513C1630026F6B5 /* ProfileUITests.swift */,
				D1AC9D842513C1630026F6B5 /* Info.plist */,
			);
			path = ProfileUITests;
			sourceTree = "<group>";
		};
/* End PBXGroup section */

/* Begin PBXNativeTarget section */
		D1AC9D5C2513C1620026F6B5 /* Profile */ = {
			isa = PBXNativeTarget;
			buildConfigurationList = D1AC9D872513C1630026F6B5 /* Build configuration list for PBXNativeTarget "Profile" */;
			buildPhases = (
				D1AC9D592513C1620026F6B5 /* Sources */,
				D1AC9D5A2513C1620026F6B5 /* Frameworks */,
				D1AC9D5B2513C1620026F6B5 /* Resources */,
			);
			buildRules = (
			);
			dependencies = (
			);
			name = Profile;
			productName = Profile;
			productReference = D1AC9D5D2513C1620026F6B5 /* Profile.app */;
			productType = "com.apple.product-type.application";
		};
		D1AC9D722513C1630026F6B5 /* ProfileTests */ = {
			isa = PBXNativeTarget;
			buildConfigurationList = D1AC9D8A2513C1630026F6B5 /* Build configuration list for PBXNativeTarget "ProfileTests" */;
			buildPhases = (
				D1AC9D6F2513C1630026F6B5 /* Sources */,
				D1AC9D702513C1630026F6B5 /* Frameworks */,
				D1AC9D712513C1630026F6B5 /* Resources */,
			);
			buildRules = (
			);
			dependencies = (
				D1AC9D752513C1630026F6B5 /* PBXTargetDependency */,
			);
			name = ProfileTests;
			productName = ProfileTests;
			productReference = D1AC9D732513C1630026F6B5 /* ProfileTests.xctest */;
			productType = "com.apple.product-type.bundle.unit-test";
		};
		D1AC9D7D2513C1630026F6B5 /* ProfileUITests */ = {
			isa = PBXNativeTarget;
			buildConfigurationList = D1AC9D8D2513C1630026F6B5 /* Build configuration list for PBXNativeTarget "ProfileUITests" */;
			buildPhases = (
				D1AC9D7A2513C1630026F6B5 /* Sources */,
				D1AC9D7B2513C1630026F6B5 /* Frameworks */,
				D1AC9D7C2513C1630026F6B5 /* Resources */,
			);
			buildRules = (
			);
			dependencies = (
				D1AC9D802513C1630026F6B5 /* PBXTargetDependency */,
			);
			name = ProfileUITests;
			productName = ProfileUITests;
			productReference = D1AC9D7E2513C1630026F6B5 /* ProfileUITests.xctest */;
			productType = "com.apple.product-type.bundle.ui-testing";
		};
/* End PBXNativeTarget section */

/* Begin PBXProject section */
		D1AC9D552513C1620026F6B5 /* Project object */ = {
			isa = PBXProject;
			attributes = {
				LastSwiftUpdateCheck = 1200;
				LastUpgradeCheck = 1200;
				TargetAttributes = {
					D1AC9D5C2513C1620026F6B5 = {
						CreatedOnToolsVersion = 12.0;
					};
					D1AC9D722513C1630026F6B5 = {
						CreatedOnToolsVersion = 12.0;
						TestTargetID = D1AC9D5C2513C1620026F6B5;
					};
					D1AC9D7D2513C1630026F6B5 = {
						CreatedOnToolsVersion = 12.0;
						TestTargetID = D1AC9D5C2513C1620026F6B5;
					};
				};
			};
			buildConfigurationList = D1AC9D582513C1620026F6B5 /* Build configuration list for PBXProject "Profile" */;
			compatibilityVersion = "Xcode 9.3";
			developmentRegion = en;
			hasScannedForEncodings = 0;
			knownRegions = (
				en,
				Base,
			);
			mainGroup = D1AC9D542513C1620026F6B5;
			productRefGroup = D1AC9D5E2513C1620026F6B5 /* Products */;
			projectDirPath = "";
			projectRoot = "";
			targets = (
				D1AC9D5C2513C1620026F6B5 /* Profile */,
				D1AC9D722513C1630026F6B5 /* ProfileTests */,
				D1AC9D7D2513C1630026F6B5 /* ProfileUITests */,
			);
		};
/* End PBXProject section */

/* Begin PBXResourcesBuildPhase section */
		D1AC9D5B2513C1620026F6B5 /* Resources */ = {
			isa = PBXResourcesBuildPhase;
			buildActionMask = 2147483647;
			files = (
				D1AC9D6D2513C1630026F6B5 /* LaunchScreen.storyboard in Resources */,
				D1AC9D6A2513C1630026F6B5 /* Assets.xcassets in Resources */,
				D1AC9D682513C1620026F6B5 /* Main.storyboard in Resources */,
			);
			runOnlyForDeploymentPostprocessing = 0;
		};
		D1AC9D712513C1630026F6B5 /* Resources */ = {
			isa = PBXResourcesBuildPhase;
			buildActionMask = 2147483647;
			files = (
			);
			runOnlyForDeploymentPostprocessing = 0;
		};
		D1AC9D7C2513C1630026F6B5 /* Resources */ = {
			isa = PBXResourcesBuildPhase;
			buildActionMask = 2147483647;
			files = (
			);
			runOnlyForDeploymentPostprocessing = 0;
		};
/* End PBXResourcesBuildPhase section */

/* Begin PBXSourcesBuildPhase section */
		D1AC9D592513C1620026F6B5 /* Sources */ = {
			isa = PBXSourcesBuildPhase;
			buildActionMask = 2147483647;
			files = (
				D1AC9D652513C1620026F6B5 /* ViewController.swift in Sources */,
				D1AC9D612513C1620026F6B5 /* AppDelegate.swift in Sources */,
				D1AC9D632513C1620026F6B5 /* SceneDelegate.swift in Sources */,
			);
			runOnlyForDeploymentPostprocessing = 0;
		};
		D1AC9D6F2513C1630026F6B5 /* Sources */ = {
			isa = PBXSourcesBuildPhase;
			buildActionMask = 2147483647;
			files = (
				D1AC9D782513C1630026F6B5 /* ProfileTests.swift in Sources */,
			);
			runOnlyForDeploymentPostprocessing = 0;
		};
		D1AC9D7A2513C1630026F6B5 /* Sources */ = {
			isa = PBXSourcesBuildPhase;
			buildActionMask = 2147483647;
			files = (
				D1AC9D832513C1630026F6B5 /* ProfileUITests.swift in Sources */,
			);
			runOnlyForDeploymentPostprocessing = 0;
		};
/* End PBXSourcesBuildPhase section */

/* Begin PBXTargetDependency section */
		D1AC9D752513C1630026F6B5 /* PBXTargetDependency */ = {
			isa = PBXTargetDependency;
			target = D1AC9D5C2513C1620026F6B5 /* Profile */;
			targetProxy = D1AC9D742513C1630026F6B5 /* PBXContainerItemProxy */;
		};
		D1AC9D802513C1630026F6B5 /* PBXTargetDependency */ = {
			isa = PBXTargetDependency;
			target = D1AC9D5C2513C1620026F6B5 /* Profile */;
			targetProxy = D1AC9D7F2513C1630026F6B5 /* PBXContainerItemProxy */;
		};
/* End PBXTargetDependency section */

/* Begin PBXVariantGroup section */
		D1AC9D662513C1620026F6B5 /* Main.storyboard */ = {
			isa = PBXVariantGroup;
			children = (
				D1AC9D672513C1620026F6B5 /* Base */,
			);
			name = Main.storyboard;
			sourceTree = "<group>";
		};
		D1AC9D6B2513C1630026F6B5 /* LaunchScreen.storyboard */ = {
			isa = PBXVariantGroup;
			children = (
				D1AC9D6C2513C1630026F6B5 /* Base */,
			);
			name = LaunchScreen.storyboard;
			sourceTree = "<group>";
		};
/* End PBXVariantGroup section */

/* Begin XCBuildConfiguration section */
		D1AC9D852513C1630026F6B5 /* Debug */ = {
			isa = XCBuildConfiguration;
			buildSettings = {
				ALWAYS_SEARCH_USER_PATHS = NO;
				CLANG_ANALYZER_NONNULL = YES;
				CLANG_ANALYZER_NUMBER_OBJECT_CONVERSION = YES_AGGRESSIVE;
				CLANG_CXX_LANGUAGE_STANDARD = "gnu++14";
				CLANG_CXX_LIBRARY = "libc++";
				CLANG_ENABLE_MODULES = YES;
				CLANG_ENABLE_OBJC_ARC = YES;
				CLANG_ENABLE_OBJC_WEAK = YES;
				CLANG_WARN_BLOCK_CAPTURE_AUTORELEASING = YES;
				CLANG_WARN_BOOL_CONVERSION = YES;
				CLANG_WARN_COMMA = YES;
				CLANG_WARN_CONSTANT_CONVERSION = YES;
				CLANG_WARN_DEPRECATED_OBJC_IMPLEMENTATIONS = YES;
				CLANG_WARN_DIRECT_OBJC_ISA_USAGE = YES_ERROR;
				CLANG_WARN_DOCUMENTATION_COMMENTS = YES;
				CLANG_WARN_EMPTY_BODY = YES;
				CLANG_WARN_ENUM_CONVERSION = YES;
				CLANG_WARN_INFINITE_RECURSION = YES;
				CLANG_WARN_INT_CONVERSION = YES;
				CLANG_WARN_NON_LITERAL_NULL_CONVERSION = YES;
				CLANG_WARN_OBJC_IMPLICIT_RETAIN_SELF = YES;
				CLANG_WARN_OBJC_LITERAL_CONVERSION = YES;
				CLANG_WARN_OBJC_ROOT_CLASS = YES_ERROR;
				CLANG_WARN_QUOTED_INCLUDE_IN_FRAMEWORK_HEADER = YES;
				CLANG_WARN_RANGE_LOOP_ANALYSIS = YES;
				CLANG_WARN_STRICT_PROTOTYPES = YES;
				CLANG_WARN_SUSPICIOUS_MOVE = YES;
				CLANG_WARN_UNGUARDED_AVAILABILITY = YES_AGGRESSIVE;
				CLANG_WARN_UNREACHABLE_CODE = YES;
				CLANG_WARN__DUPLICATE_METHOD_MATCH = YES;
				COPY_PHASE_STRIP = NO;
				DEBUG_INFORMATION_FORMAT = dwarf;
				ENABLE_STRICT_OBJC_MSGSEND = YES;
				ENABLE_TESTABILITY = YES;
				GCC_C_LANGUAGE_STANDARD = gnu11;
				GCC_DYNAMIC_NO_PIC = NO;
				GCC_NO_COMMON_BLOCKS = YES;
				GCC_OPTIMIZATION_LEVEL = 0;
				GCC_PREPROCESSOR_DEFINITIONS = (
					"DEBUG=1",
					"$(inherited)",
				);
				GCC_WARN_64_TO_32_BIT_CONVERSION = YES;
				GCC_WARN_ABOUT_RETURN_TYPE = YES_ERROR;
				GCC_WARN_UNDECLARED_SELECTOR = YES;
				GCC_WARN_UNINITIALIZED_AUTOS = YES_AGGRESSIVE;
				GCC_WARN_UNUSED_FUNCTION = YES;
				GCC_WARN_UNUSED_VARIABLE = YES;
				IPHONEOS_DEPLOYMENT_TARGET = 14.0;
				MTL_ENABLE_DEBUG_INFO = INCLUDE_SOURCE;
				MTL_FAST_MATH = YES;
				ONLY_ACTIVE_ARCH = YES;
				SDKROOT = iphoneos;
				SWIFT_ACTIVE_COMPILATION_CONDITIONS = DEBUG;
				SWIFT_OPTIMIZATION_LEVEL = "-Onone";
			};
			name = Debug;
		};
		D1AC9D862513C1630026F6B5 /* Release */ = {
			isa = XCBuildConfiguration;
			buildSettings = {
				ALWAYS_SEARCH_USER_PATHS = NO;
				CLANG_ANALYZER_NONNULL = YES;
				CLANG_ANALYZER_NUMBER_OBJECT_CONVERSION = YES_AGGRESSIVE;
				CLANG_CXX_LANGUAGE_STANDARD = "gnu++14";
				CLANG_CXX_LIBRARY = "libc++";
				CLANG_ENABLE_MODULES = YES;
				CLANG_ENABLE_OBJC_ARC = YES;
				CLANG_ENABLE_OBJC_WEAK = YES;
				CLANG_WARN_BLOCK_CAPTURE_AUTORELEASING = YES;
				CLANG_WARN_BOOL_CONVERSION = YES;
				CLANG_WARN_COMMA = YES;
				CLANG_WARN_CONSTANT_CONVERSION = YES;
				CLANG_WARN_DEPRECATED_OBJC_IMPLEMENTATIONS = YES;
				CLANG_WARN_DIRECT_OBJC_ISA_USAGE = YES_ERROR;
				CLANG_WARN_DOCUMENTATION_COMMENTS = YES;
				CLANG_WARN_EMPTY_BODY = YES;
				CLANG_WARN_ENUM_CONVERSION = YES;
				CLANG_WARN_INFINITE_RECURSION = YES;
				CLANG_WARN_INT_CONVERSION = YES;
				CLANG_WARN_NON_LITERAL_NULL_CONVERSION = YES;
				CLANG_WARN_OBJC_IMPLICIT_RETAIN_SELF = YES;
				CLANG_WARN_OBJC_LITERAL_CONVERSION = YES;
				CLANG_WARN_OBJC_ROOT_CLASS = YES_ERROR;
				CLANG_WARN_QUOTED_INCLUDE_IN_FRAMEWORK_HEADER = YES;
				CLANG_WARN_RANGE_LOOP_ANALYSIS = YES;
				CLANG_WARN_STRICT_PROTOTYPES = YES;
				CLANG_WARN_SUSPICIOUS_MOVE = YES;
				CLANG_WARN_UNGUARDED_AVAILABILITY = YES_AGGRESSIVE;
				CLANG_WARN_UNREACHABLE_CODE = YES;
				CLANG_WARN__DUPLICATE_METHOD_MATCH = YES;
				COPY_PHASE_STRIP = NO;
				DEBUG_INFORMATION_FORMAT = "dwarf-with-dsym";
				ENABLE_NS_ASSERTIONS = NO;
				ENABLE_STRICT_OBJC_MSGSEND = YES;
				GCC_C_LANGUAGE_STANDARD = gnu11;
				GCC_NO_COMMON_BLOCKS = YES;
				GCC_WARN_64_TO_32_BIT_CONVERSION = YES;
				GCC_WARN_ABOUT_RETURN_TYPE = YES_ERROR;
				GCC_WARN_UNDECLARED_SELECTOR = YES;
				GCC_WARN_UNINITIALIZED_AUTOS = YES_AGGRESSIVE;
				GCC_WARN_UNUSED_FUNCTION = YES;
				GCC_WARN_UNUSED_VARIABLE = YES;
				IPHONEOS_DEPLOYMENT_TARGET = 14.0;
				MTL_ENABLE_DEBUG_INFO = NO;
				MTL_FAST_MATH = YES;
				SDKROOT = iphoneos;
				SWIFT_COMPILATION_MODE = wholemodule;
				SWIFT_OPTIMIZATION_LEVEL = "-O";
				VALIDATE_PRODUCT = YES;
			};
			name = Release;
		};
		D1AC9D882513C1630026F6B5 /* Debug */ = {
			isa = XCBuildConfiguration;
			buildSettings = {
				ASSETCATALOG_COMPILER_APPICON_NAME = AppIcon;
				ASSETCATALOG_COMPILER_GLOBAL_ACCENT_COLOR_NAME = AccentColor;
				CODE_SIGN_STYLE = Automatic;
				DEVELOPMENT_TEAM = 4U939MWC6G;
				INFOPLIST_FILE = Profile/Info.plist;
				LD_RUNPATH_SEARCH_PATHS = (
					"$(inherited)",
					"@executable_path/Frameworks",
				);
				PRODUCT_BUNDLE_IDENTIFIER = shibahara107.Profile;
				PRODUCT_NAME = "$(TARGET_NAME)";
				SWIFT_VERSION = 5.0;
				TARGETED_DEVICE_FAMILY = "1,2";
			};
			name = Debug;
		};
		D1AC9D892513C1630026F6B5 /* Release */ = {
			isa = XCBuildConfiguration;
			buildSettings = {
				ASSETCATALOG_COMPILER_APPICON_NAME = AppIcon;
				ASSETCATALOG_COMPILER_GLOBAL_ACCENT_COLOR_NAME = AccentColor;
				CODE_SIGN_STYLE = Automatic;
				DEVELOPMENT_TEAM = 4U939MWC6G;
				INFOPLIST_FILE = Profile/Info.plist;
				LD_RUNPATH_SEARCH_PATHS = (
					"$(inherited)",
					"@executable_path/Frameworks",
				);
				PRODUCT_BUNDLE_IDENTIFIER = shibahara107.Profile;
				PRODUCT_NAME = "$(TARGET_NAME)";
				SWIFT_VERSION = 5.0;
				TARGETED_DEVICE_FAMILY = "1,2";
			};
			name = Release;
		};
		D1AC9D8B2513C1630026F6B5 /* Debug */ = {
			isa = XCBuildConfiguration;
			buildSettings = {
				ALWAYS_EMBED_SWIFT_STANDARD_LIBRARIES = YES;
				BUNDLE_LOADER = "$(TEST_HOST)";
				CODE_SIGN_STYLE = Automatic;
				DEVELOPMENT_TEAM = 4U939MWC6G;
				INFOPLIST_FILE = ProfileTests/Info.plist;
				IPHONEOS_DEPLOYMENT_TARGET = 14.0;
				LD_RUNPATH_SEARCH_PATHS = (
					"$(inherited)",
					"@executable_path/Frameworks",
					"@loader_path/Frameworks",
				);
				PRODUCT_BUNDLE_IDENTIFIER = shibahara107.ProfileTests;
				PRODUCT_NAME = "$(TARGET_NAME)";
				SWIFT_VERSION = 5.0;
				TARGETED_DEVICE_FAMILY = "1,2";
				TEST_HOST = "$(BUILT_PRODUCTS_DIR)/Profile.app/Profile";
			};
			name = Debug;
		};
		D1AC9D8C2513C1630026F6B5 /* Release */ = {
			isa = XCBuildConfiguration;
			buildSettings = {
				ALWAYS_EMBED_SWIFT_STANDARD_LIBRARIES = YES;
				BUNDLE_LOADER = "$(TEST_HOST)";
				CODE_SIGN_STYLE = Automatic;
				DEVELOPMENT_TEAM = 4U939MWC6G;
				INFOPLIST_FILE = ProfileTests/Info.plist;
				IPHONEOS_DEPLOYMENT_TARGET = 14.0;
				LD_RUNPATH_SEARCH_PATHS = (
					"$(inherited)",
					"@executable_path/Frameworks",
					"@loader_path/Frameworks",
				);
				PRODUCT_BUNDLE_IDENTIFIER = shibahara107.ProfileTests;
				PRODUCT_NAME = "$(TARGET_NAME)";
				SWIFT_VERSION = 5.0;
				TARGETED_DEVICE_FAMILY = "1,2";
				TEST_HOST = "$(BUILT_PRODUCTS_DIR)/Profile.app/Profile";
			};
			name = Release;
		};
		D1AC9D8E2513C1630026F6B5 /* Debug */ = {
			isa = XCBuildConfiguration;
			buildSettings = {
				ALWAYS_EMBED_SWIFT_STANDARD_LIBRARIES = YES;
				CODE_SIGN_STYLE = Automatic;
				DEVELOPMENT_TEAM = 4U939MWC6G;
				INFOPLIST_FILE = ProfileUITests/Info.plist;
				LD_RUNPATH_SEARCH_PATHS = (
					"$(inherited)",
					"@executable_path/Frameworks",
					"@loader_path/Frameworks",
				);
				PRODUCT_BUNDLE_IDENTIFIER = shibahara107.ProfileUITests;
				PRODUCT_NAME = "$(TARGET_NAME)";
				SWIFT_VERSION = 5.0;
				TARGETED_DEVICE_FAMILY = "1,2";
				TEST_TARGET_NAME = Profile;
			};
			name = Debug;
		};
		D1AC9D8F2513C1630026F6B5 /* Release */ = {
			isa = XCBuildConfiguration;
			buildSettings = {
				ALWAYS_EMBED_SWIFT_STANDARD_LIBRARIES = YES;
				CODE_SIGN_STYLE = Automatic;
				DEVELOPMENT_TEAM = 4U939MWC6G;
				INFOPLIST_FILE = ProfileUITests/Info.plist;
				LD_RUNPATH_SEARCH_PATHS = (
					"$(inherited)",
					"@executable_path/Frameworks",
					"@loader_path/Frameworks",
				);
				PRODUCT_BUNDLE_IDENTIFIER = shibahara107.ProfileUITests;
				PRODUCT_NAME = "$(TARGET_NAME)";
				SWIFT_VERSION = 5.0;
				TARGETED_DEVICE_FAMILY = "1,2";
				TEST_TARGET_NAME = Profile;
			};
			name = Release;
		};
/* End XCBuildConfiguration section */

/* Begin XCConfigurationList section */
		D1AC9D582513C1620026F6B5 /* Build configuration list for PBXProject "Profile" */ = {
			isa = XCConfigurationList;
			buildConfigurations = (
				D1AC9D852513C1630026F6B5 /* Debug */,
				D1AC9D862513C1630026F6B5 /* Release */,
			);
			defaultConfigurationIsVisible = 0;
			defaultConfigurationName = Release;
		};
		D1AC9D872513C1630026F6B5 /* Build configuration list for PBXNativeTarget "Profile" */ = {
			isa = XCConfigurationList;
			buildConfigurations = (
				D1AC9D882513C1630026F6B5 /* Debug */,
				D1AC9D892513C1630026F6B5 /* Release */,
			);
			defaultConfigurationIsVisible = 0;
			defaultConfigurationName = Release;
		};
		D1AC9D8A2513C1630026F6B5 /* Build configuration list for PBXNativeTarget "ProfileTests" */ = {
			isa = XCConfigurationList;
			buildConfigurations = (
				D1AC9D8B2513C1630026F6B5 /* Debug */,
				D1AC9D8C2513C1630026F6B5 /* Release */,
			);
			defaultConfigurationIsVisible = 0;
			defaultConfigurationName = Release;
		};
		D1AC9D8D2513C1630026F6B5 /* Build configuration list for PBXNativeTarget "ProfileUITests" */ = {
			isa = XCConfigurationList;
			buildConfigurations = (
				D1AC9D8E2513C1630026F6B5 /* Debug */,
				D1AC9D8F2513C1630026F6B5 /* Release */,
			);
			defaultConfigurationIsVisible = 0;
			defaultConfigurationName = Release;
		};
/* End XCConfigurationList section */
	};
	rootObject = D1AC9D552513C1620026F6B5 /* Project object */;
}
