// !$*UTF8*$!
{
	archiveVersion = 1;
	classes = {
	};
	objectVersion = 50;
	objects = {

/* Begin PBXBuildFile section */
		D17CC18A250093B2006EB344 /* AppDelegate.swift in Sources */ = {isa = PBXBuildFile; fileRef = D17CC189250093B2006EB344 /* AppDelegate.swift */; };
		D17CC18C250093B2006EB344 /* SceneDelegate.swift in Sources */ = {isa = PBXBuildFile; fileRef = D17CC18B250093B2006EB344 /* SceneDelegate.swift */; };
		D17CC18E250093B2006EB344 /* ViewController.swift in Sources */ = {isa = PBXBuildFile; fileRef = D17CC18D250093B2006EB344 /* ViewController.swift */; };
		D17CC191250093B2006EB344 /* Main.storyboard in Resources */ = {isa = PBXBuildFile; fileRef = D17CC18F250093B2006EB344 /* Main.storyboard */; };
		D17CC193250093B4006EB344 /* Assets.xcassets in Resources */ = {isa = PBXBuildFile; fileRef = D17CC192250093B4006EB344 /* Assets.xcassets */; };
		D17CC196250093B4006EB344 /* LaunchScreen.storyboard in Resources */ = {isa = PBXBuildFile; fileRef = D17CC194250093B4006EB344 /* LaunchScreen.storyboard */; };
		D17CC1A1250093B4006EB344 /* CountAppTests.swift in Sources */ = {isa = PBXBuildFile; fileRef = D17CC1A0250093B4006EB344 /* CountAppTests.swift */; };
		D17CC1AC250093B4006EB344 /* CountAppUITests.swift in Sources */ = {isa = PBXBuildFile; fileRef = D17CC1AB250093B4006EB344 /* CountAppUITests.swift */; };
		D17CC1BA25009440006EB344 /* sample_image_1.png in Resources */ = {isa = PBXBuildFile; fileRef = D17CC1B925009440006EB344 /* sample_image_1.png */; };
/* End PBXBuildFile section */

/* Begin PBXContainerItemProxy section */
		D17CC19D250093B4006EB344 /* PBXContainerItemProxy */ = {
			isa = PBXContainerItemProxy;
			containerPortal = D17CC17E250093B2006EB344 /* Project object */;
			proxyType = 1;
			remoteGlobalIDString = D17CC185250093B2006EB344;
			remoteInfo = CountApp;
		};
		D17CC1A8250093B4006EB344 /* PBXContainerItemProxy */ = {
			isa = PBXContainerItemProxy;
			containerPortal = D17CC17E250093B2006EB344 /* Project object */;
			proxyType = 1;
			remoteGlobalIDString = D17CC185250093B2006EB344;
			remoteInfo = CountApp;
		};
/* End PBXContainerItemProxy section */

/* Begin PBXFileReference section */
		D17CC186250093B2006EB344 /* CountApp.app */ = {isa = PBXFileReference; explicitFileType = wrapper.application; includeInIndex = 0; path = CountApp.app; sourceTree = BUILT_PRODUCTS_DIR; };
		D17CC189250093B2006EB344 /* AppDelegate.swift */ = {isa = PBXFileReference; lastKnownFileType = sourcecode.swift; path = AppDelegate.swift; sourceTree = "<group>"; };
		D17CC18B250093B2006EB344 /* SceneDelegate.swift */ = {isa = PBXFileReference; lastKnownFileType = sourcecode.swift; path = SceneDelegate.swift; sourceTree = "<group>"; };
		D17CC18D250093B2006EB344 /* ViewController.swift */ = {isa = PBXFileReference; lastKnownFileType = sourcecode.swift; path = ViewController.swift; sourceTree = "<group>"; };
		D17CC190250093B2006EB344 /* Base */ = {isa = PBXFileReference; lastKnownFileType = file.storyboard; name = Base; path = Base.lproj/Main.storyboard; sourceTree = "<group>"; };
		D17CC192250093B4006EB344 /* Assets.xcassets */ = {isa = PBXFileReference; lastKnownFileType = folder.assetcatalog; path = Assets.xcassets; sourceTree = "<group>"; };
		D17CC195250093B4006EB344 /* Base */ = {isa = PBXFileReference; lastKnownFileType = file.storyboard; name = Base; path = Base.lproj/LaunchScreen.storyboard; sourceTree = "<group>"; };
		D17CC197250093B4006EB344 /* Info.plist */ = {isa = PBXFileReference; lastKnownFileType = text.plist.xml; path = Info.plist; sourceTree = "<group>"; };
		D17CC19C250093B4006EB344 /* CountAppTests.xctest */ = {isa = PBXFileReference; explicitFileType = wrapper.cfbundle; includeInIndex = 0; path = CountAppTests.xctest; sourceTree = BUILT_PRODUCTS_DIR; };
		D17CC1A0250093B4006EB344 /* CountAppTests.swift */ = {isa = PBXFileReference; lastKnownFileType = sourcecode.swift; path = CountAppTests.swift; sourceTree = "<group>"; };
		D17CC1A2250093B4006EB344 /* Info.plist */ = {isa = PBXFileReference; lastKnownFileType = text.plist.xml; path = Info.plist; sourceTree = "<group>"; };
		D17CC1A7250093B4006EB344 /* CountAppUITests.xctest */ = {isa = PBXFileReference; explicitFileType = wrapper.cfbundle; includeInIndex = 0; path = CountAppUITests.xctest; sourceTree = BUILT_PRODUCTS_DIR; };
		D17CC1AB250093B4006EB344 /* CountAppUITests.swift */ = {isa = PBXFileReference; lastKnownFileType = sourcecode.swift; path = CountAppUITests.swift; sourceTree = "<group>"; };
		D17CC1AD250093B4006EB344 /* Info.plist */ = {isa = PBXFileReference; lastKnownFileType = text.plist.xml; path = Info.plist; sourceTree = "<group>"; };
		D17CC1B925009440006EB344 /* sample_image_1.png */ = {isa = PBXFileReference; lastKnownFileType = image.png; path = sample_image_1.png; sourceTree = "<group>"; };
/* End PBXFileReference section */

/* Begin PBXFrameworksBuildPhase section */
		D17CC183250093B2006EB344 /* Frameworks */ = {
			isa = PBXFrameworksBuildPhase;
			buildActionMask = 2147483647;
			files = (
			);
			runOnlyForDeploymentPostprocessing = 0;
		};
		D17CC199250093B4006EB344 /* Frameworks */ = {
			isa = PBXFrameworksBuildPhase;
			buildActionMask = 2147483647;
			files = (
			);
			runOnlyForDeploymentPostprocessing = 0;
		};
		D17CC1A4250093B4006EB344 /* Frameworks */ = {
			isa = PBXFrameworksBuildPhase;
			buildActionMask = 2147483647;
			files = (
			);
			runOnlyForDeploymentPostprocessing = 0;
		};
/* End PBXFrameworksBuildPhase section */

/* Begin PBXGroup section */
		D17CC17D250093B2006EB344 = {
			isa = PBXGroup;
			children = (
				D17CC188250093B2006EB344 /* CountApp */,
				D17CC19F250093B4006EB344 /* CountAppTests */,
				D17CC1AA250093B4006EB344 /* CountAppUITests */,
				D17CC187250093B2006EB344 /* Products */,
			);
			sourceTree = "<group>";
		};
		D17CC187250093B2006EB344 /* Products */ = {
			isa = PBXGroup;
			children = (
				D17CC186250093B2006EB344 /* CountApp.app */,
				D17CC19C250093B4006EB344 /* CountAppTests.xctest */,
				D17CC1A7250093B4006EB344 /* CountAppUITests.xctest */,
			);
			name = Products;
			sourceTree = "<group>";
		};
		D17CC188250093B2006EB344 /* CountApp */ = {
			isa = PBXGroup;
			children = (
				D17CC1B925009440006EB344 /* sample_image_1.png */,
				D17CC189250093B2006EB344 /* AppDelegate.swift */,
				D17CC18B250093B2006EB344 /* SceneDelegate.swift */,
				D17CC18D250093B2006EB344 /* ViewController.swift */,
				D17CC18F250093B2006EB344 /* Main.storyboard */,
				D17CC192250093B4006EB344 /* Assets.xcassets */,
				D17CC194250093B4006EB344 /* LaunchScreen.storyboard */,
				D17CC197250093B4006EB344 /* Info.plist */,
			);
			path = CountApp;
			sourceTree = "<group>";
		};
		D17CC19F250093B4006EB344 /* CountAppTests */ = {
			isa = PBXGroup;
			children = (
				D17CC1A0250093B4006EB344 /* CountAppTests.swift */,
				D17CC1A2250093B4006EB344 /* Info.plist */,
			);
			path = CountAppTests;
			sourceTree = "<group>";
		};
		D17CC1AA250093B4006EB344 /* CountAppUITests */ = {
			isa = PBXGroup;
			children = (
				D17CC1AB250093B4006EB344 /* CountAppUITests.swift */,
				D17CC1AD250093B4006EB344 /* Info.plist */,
			);
			path = CountAppUITests;
			sourceTree = "<group>";
		};
/* End PBXGroup section */

/* Begin PBXNativeTarget section */
		D17CC185250093B2006EB344 /* CountApp */ = {
			isa = PBXNativeTarget;
			buildConfigurationList = D17CC1B0250093B4006EB344 /* Build configuration list for PBXNativeTarget "CountApp" */;
			buildPhases = (
				D17CC182250093B2006EB344 /* Sources */,
				D17CC183250093B2006EB344 /* Frameworks */,
				D17CC184250093B2006EB344 /* Resources */,
			);
			buildRules = (
			);
			dependencies = (
			);
			name = CountApp;
			productName = CountApp;
			productReference = D17CC186250093B2006EB344 /* CountApp.app */;
			productType = "com.apple.product-type.application";
		};
		D17CC19B250093B4006EB344 /* CountAppTests */ = {
			isa = PBXNativeTarget;
			buildConfigurationList = D17CC1B3250093B4006EB344 /* Build configuration list for PBXNativeTarget "CountAppTests" */;
			buildPhases = (
				D17CC198250093B4006EB344 /* Sources */,
				D17CC199250093B4006EB344 /* Frameworks */,
				D17CC19A250093B4006EB344 /* Resources */,
			);
			buildRules = (
			);
			dependencies = (
				D17CC19E250093B4006EB344 /* PBXTargetDependency */,
			);
			name = CountAppTests;
			productName = CountAppTests;
			productReference = D17CC19C250093B4006EB344 /* CountAppTests.xctest */;
			productType = "com.apple.product-type.bundle.unit-test";
		};
		D17CC1A6250093B4006EB344 /* CountAppUITests */ = {
			isa = PBXNativeTarget;
			buildConfigurationList = D17CC1B6250093B4006EB344 /* Build configuration list for PBXNativeTarget "CountAppUITests" */;
			buildPhases = (
				D17CC1A3250093B4006EB344 /* Sources */,
				D17CC1A4250093B4006EB344 /* Frameworks */,
				D17CC1A5250093B4006EB344 /* Resources */,
			);
			buildRules = (
			);
			dependencies = (
				D17CC1A9250093B4006EB344 /* PBXTargetDependency */,
			);
			name = CountAppUITests;
			productName = CountAppUITests;
			productReference = D17CC1A7250093B4006EB344 /* CountAppUITests.xctest */;
			productType = "com.apple.product-type.bundle.ui-testing";
		};
/* End PBXNativeTarget section */

/* Begin PBXProject section */
		D17CC17E250093B2006EB344 /* Project object */ = {
			isa = PBXProject;
			attributes = {
				LastSwiftUpdateCheck = 1170;
				LastUpgradeCheck = 1170;
				ORGANIZATIONNAME = "Yoshinori Shibahara";
				TargetAttributes = {
					D17CC185250093B2006EB344 = {
						CreatedOnToolsVersion = 11.7;
					};
					D17CC19B250093B4006EB344 = {
						CreatedOnToolsVersion = 11.7;
						TestTargetID = D17CC185250093B2006EB344;
					};
					D17CC1A6250093B4006EB344 = {
						CreatedOnToolsVersion = 11.7;
						TestTargetID = D17CC185250093B2006EB344;
					};
				};
			};
			buildConfigurationList = D17CC181250093B2006EB344 /* Build configuration list for PBXProject "CountApp" */;
			compatibilityVersion = "Xcode 9.3";
			developmentRegion = en;
			hasScannedForEncodings = 0;
			knownRegions = (
				en,
				Base,
			);
			mainGroup = D17CC17D250093B2006EB344;
			productRefGroup = D17CC187250093B2006EB344 /* Products */;
			projectDirPath = "";
			projectRoot = "";
			targets = (
				D17CC185250093B2006EB344 /* CountApp */,
				D17CC19B250093B4006EB344 /* CountAppTests */,
				D17CC1A6250093B4006EB344 /* CountAppUITests */,
			);
		};
/* End PBXProject section */

/* Begin PBXResourcesBuildPhase section */
		D17CC184250093B2006EB344 /* Resources */ = {
			isa = PBXResourcesBuildPhase;
			buildActionMask = 2147483647;
			files = (
				D17CC196250093B4006EB344 /* LaunchScreen.storyboard in Resources */,
				D17CC1BA25009440006EB344 /* sample_image_1.png in Resources */,
				D17CC193250093B4006EB344 /* Assets.xcassets in Resources */,
				D17CC191250093B2006EB344 /* Main.storyboard in Resources */,
			);
			runOnlyForDeploymentPostprocessing = 0;
		};
		D17CC19A250093B4006EB344 /* Resources */ = {
			isa = PBXResourcesBuildPhase;
			buildActionMask = 2147483647;
			files = (
			);
			runOnlyForDeploymentPostprocessing = 0;
		};
		D17CC1A5250093B4006EB344 /* Resources */ = {
			isa = PBXResourcesBuildPhase;
			buildActionMask = 2147483647;
			files = (
			);
			runOnlyForDeploymentPostprocessing = 0;
		};
/* End PBXResourcesBuildPhase section */

/* Begin PBXSourcesBuildPhase section */
		D17CC182250093B2006EB344 /* Sources */ = {
			isa = PBXSourcesBuildPhase;
			buildActionMask = 2147483647;
			files = (
				D17CC18E250093B2006EB344 /* ViewController.swift in Sources */,
				D17CC18A250093B2006EB344 /* AppDelegate.swift in Sources */,
				D17CC18C250093B2006EB344 /* SceneDelegate.swift in Sources */,
			);
			runOnlyForDeploymentPostprocessing = 0;
		};
		D17CC198250093B4006EB344 /* Sources */ = {
			isa = PBXSourcesBuildPhase;
			buildActionMask = 2147483647;
			files = (
				D17CC1A1250093B4006EB344 /* CountAppTests.swift in Sources */,
			);
			runOnlyForDeploymentPostprocessing = 0;
		};
		D17CC1A3250093B4006EB344 /* Sources */ = {
			isa = PBXSourcesBuildPhase;
			buildActionMask = 2147483647;
			files = (
				D17CC1AC250093B4006EB344 /* CountAppUITests.swift in Sources */,
			);
			runOnlyForDeploymentPostprocessing = 0;
		};
/* End PBXSourcesBuildPhase section */

/* Begin PBXTargetDependency section */
		D17CC19E250093B4006EB344 /* PBXTargetDependency */ = {
			isa = PBXTargetDependency;
			target = D17CC185250093B2006EB344 /* CountApp */;
			targetProxy = D17CC19D250093B4006EB344 /* PBXContainerItemProxy */;
		};
		D17CC1A9250093B4006EB344 /* PBXTargetDependency */ = {
			isa = PBXTargetDependency;
			target = D17CC185250093B2006EB344 /* CountApp */;
			targetProxy = D17CC1A8250093B4006EB344 /* PBXContainerItemProxy */;
		};
/* End PBXTargetDependency section */

/* Begin PBXVariantGroup section */
		D17CC18F250093B2006EB344 /* Main.storyboard */ = {
			isa = PBXVariantGroup;
			children = (
				D17CC190250093B2006EB344 /* Base */,
			);
			name = Main.storyboard;
			sourceTree = "<group>";
		};
		D17CC194250093B4006EB344 /* LaunchScreen.storyboard */ = {
			isa = PBXVariantGroup;
			children = (
				D17CC195250093B4006EB344 /* Base */,
			);
			name = LaunchScreen.storyboard;
			sourceTree = "<group>";
		};
/* End PBXVariantGroup section */

/* Begin XCBuildConfiguration section */
		D17CC1AE250093B4006EB344 /* Debug */ = {
			isa = XCBuildConfiguration;
			buildSettings = {
				ALWAYS_SEARCH_USER_PATHS = NO;
				CLANG_ANALYZER_NONNULL = YES;
				CLANG_ANALYZER_NUMBER_OBJECT_CONVERSION = YES_AGGRESSIVE;
				CLANG_CXX_LANGUAGE_STANDARD = "gnu++14";
				CLANG_CXX_LIBRARY = "libc++";
				CLANG_ENABLE_MODULES = YES;
				CLANG_ENABLE_OBJC_ARC = YES;
				CLANG_ENABLE_OBJC_WEAK = YES;
				CLANG_WARN_BLOCK_CAPTURE_AUTORELEASING = YES;
				CLANG_WARN_BOOL_CONVERSION = YES;
				CLANG_WARN_COMMA = YES;
				CLANG_WARN_CONSTANT_CONVERSION = YES;
				CLANG_WARN_DEPRECATED_OBJC_IMPLEMENTATIONS = YES;
				CLANG_WARN_DIRECT_OBJC_ISA_USAGE = YES_ERROR;
				CLANG_WARN_DOCUMENTATION_COMMENTS = YES;
				CLANG_WARN_EMPTY_BODY = YES;
				CLANG_WARN_ENUM_CONVERSION = YES;
				CLANG_WARN_INFINITE_RECURSION = YES;
				CLANG_WARN_INT_CONVERSION = YES;
				CLANG_WARN_NON_LITERAL_NULL_CONVERSION = YES;
				CLANG_WARN_OBJC_IMPLICIT_RETAIN_SELF = YES;
				CLANG_WARN_OBJC_LITERAL_CONVERSION = YES;
				CLANG_WARN_OBJC_ROOT_CLASS = YES_ERROR;
				CLANG_WARN_RANGE_LOOP_ANALYSIS = YES;
				CLANG_WARN_STRICT_PROTOTYPES = YES;
				CLANG_WARN_SUSPICIOUS_MOVE = YES;
				CLANG_WARN_UNGUARDED_AVAILABILITY = YES_AGGRESSIVE;
				CLANG_WARN_UNREACHABLE_CODE = YES;
				CLANG_WARN__DUPLICATE_METHOD_MATCH = YES;
				COPY_PHASE_STRIP = NO;
				DEBUG_INFORMATION_FORMAT = dwarf;
				ENABLE_STRICT_OBJC_MSGSEND = YES;
				ENABLE_TESTABILITY = YES;
				GCC_C_LANGUAGE_STANDARD = gnu11;
				GCC_DYNAMIC_NO_PIC = NO;
				GCC_NO_COMMON_BLOCKS = YES;
				GCC_OPTIMIZATION_LEVEL = 0;
				GCC_PREPROCESSOR_DEFINITIONS = (
					"DEBUG=1",
					"$(inherited)",
				);
				GCC_WARN_64_TO_32_BIT_CONVERSION = YES;
				GCC_WARN_ABOUT_RETURN_TYPE = YES_ERROR;
				GCC_WARN_UNDECLARED_SELECTOR = YES;
				GCC_WARN_UNINITIALIZED_AUTOS = YES_AGGRESSIVE;
				GCC_WARN_UNUSED_FUNCTION = YES;
				GCC_WARN_UNUSED_VARIABLE = YES;
				IPHONEOS_DEPLOYMENT_TARGET = 13.7;
				MTL_ENABLE_DEBUG_INFO = INCLUDE_SOURCE;
				MTL_FAST_MATH = YES;
				ONLY_ACTIVE_ARCH = YES;
				SDKROOT = iphoneos;
				SWIFT_ACTIVE_COMPILATION_CONDITIONS = DEBUG;
				SWIFT_OPTIMIZATION_LEVEL = "-Onone";
			};
			name = Debug;
		};
		D17CC1AF250093B4006EB344 /* Release */ = {
			isa = XCBuildConfiguration;
			buildSettings = {
				ALWAYS_SEARCH_USER_PATHS = NO;
				CLANG_ANALYZER_NONNULL = YES;
				CLANG_ANALYZER_NUMBER_OBJECT_CONVERSION = YES_AGGRESSIVE;
				CLANG_CXX_LANGUAGE_STANDARD = "gnu++14";
				CLANG_CXX_LIBRARY = "libc++";
				CLANG_ENABLE_MODULES = YES;
				CLANG_ENABLE_OBJC_ARC = YES;
				CLANG_ENABLE_OBJC_WEAK = YES;
				CLANG_WARN_BLOCK_CAPTURE_AUTORELEASING = YES;
				CLANG_WARN_BOOL_CONVERSION = YES;
				CLANG_WARN_COMMA = YES;
				CLANG_WARN_CONSTANT_CONVERSION = YES;
				CLANG_WARN_DEPRECATED_OBJC_IMPLEMENTATIONS = YES;
				CLANG_WARN_DIRECT_OBJC_ISA_USAGE = YES_ERROR;
				CLANG_WARN_DOCUMENTATION_COMMENTS = YES;
				CLANG_WARN_EMPTY_BODY = YES;
				CLANG_WARN_ENUM_CONVERSION = YES;
				CLANG_WARN_INFINITE_RECURSION = YES;
				CLANG_WARN_INT_CONVERSION = YES;
				CLANG_WARN_NON_LITERAL_NULL_CONVERSION = YES;
				CLANG_WARN_OBJC_IMPLICIT_RETAIN_SELF = YES;
				CLANG_WARN_OBJC_LITERAL_CONVERSION = YES;
				CLANG_WARN_OBJC_ROOT_CLASS = YES_ERROR;
				CLANG_WARN_RANGE_LOOP_ANALYSIS = YES;
				CLANG_WARN_STRICT_PROTOTYPES = YES;
				CLANG_WARN_SUSPICIOUS_MOVE = YES;
				CLANG_WARN_UNGUARDED_AVAILABILITY = YES_AGGRESSIVE;
				CLANG_WARN_UNREACHABLE_CODE = YES;
				CLANG_WARN__DUPLICATE_METHOD_MATCH = YES;
				COPY_PHASE_STRIP = NO;
				DEBUG_INFORMATION_FORMAT = "dwarf-with-dsym";
				ENABLE_NS_ASSERTIONS = NO;
				ENABLE_STRICT_OBJC_MSGSEND = YES;
				GCC_C_LANGUAGE_STANDARD = gnu11;
				GCC_NO_COMMON_BLOCKS = YES;
				GCC_WARN_64_TO_32_BIT_CONVERSION = YES;
				GCC_WARN_ABOUT_RETURN_TYPE = YES_ERROR;
				GCC_WARN_UNDECLARED_SELECTOR = YES;
				GCC_WARN_UNINITIALIZED_AUTOS = YES_AGGRESSIVE;
				GCC_WARN_UNUSED_FUNCTION = YES;
				GCC_WARN_UNUSED_VARIABLE = YES;
				IPHONEOS_DEPLOYMENT_TARGET = 13.7;
				MTL_ENABLE_DEBUG_INFO = NO;
				MTL_FAST_MATH = YES;
				SDKROOT = iphoneos;
				SWIFT_COMPILATION_MODE = wholemodule;
				SWIFT_OPTIMIZATION_LEVEL = "-O";
				VALIDATE_PRODUCT = YES;
			};
			name = Release;
		};
		D17CC1B1250093B4006EB344 /* Debug */ = {
			isa = XCBuildConfiguration;
			buildSettings = {
				ASSETCATALOG_COMPILER_APPICON_NAME = AppIcon;
				CODE_SIGN_STYLE = Automatic;
				DEVELOPMENT_TEAM = 4U939MWC6G;
				INFOPLIST_FILE = CountApp/Info.plist;
				LD_RUNPATH_SEARCH_PATHS = (
					"$(inherited)",
					"@executable_path/Frameworks",
				);
				PRODUCT_BUNDLE_IDENTIFIER = shibahara107.CountApp;
				PRODUCT_NAME = "$(TARGET_NAME)";
				SWIFT_VERSION = 5.0;
				TARGETED_DEVICE_FAMILY = "1,2";
			};
			name = Debug;
		};
		D17CC1B2250093B4006EB344 /* Release */ = {
			isa = XCBuildConfiguration;
			buildSettings = {
				ASSETCATALOG_COMPILER_APPICON_NAME = AppIcon;
				CODE_SIGN_STYLE = Automatic;
				DEVELOPMENT_TEAM = 4U939MWC6G;
				INFOPLIST_FILE = CountApp/Info.plist;
				LD_RUNPATH_SEARCH_PATHS = (
					"$(inherited)",
					"@executable_path/Frameworks",
				);
				PRODUCT_BUNDLE_IDENTIFIER = shibahara107.CountApp;
				PRODUCT_NAME = "$(TARGET_NAME)";
				SWIFT_VERSION = 5.0;
				TARGETED_DEVICE_FAMILY = "1,2";
			};
			name = Release;
		};
		D17CC1B4250093B4006EB344 /* Debug */ = {
			isa = XCBuildConfiguration;
			buildSettings = {
				ALWAYS_EMBED_SWIFT_STANDARD_LIBRARIES = YES;
				BUNDLE_LOADER = "$(TEST_HOST)";
				CODE_SIGN_STYLE = Automatic;
				DEVELOPMENT_TEAM = 4U939MWC6G;
				INFOPLIST_FILE = CountAppTests/Info.plist;
				IPHONEOS_DEPLOYMENT_TARGET = 13.7;
				LD_RUNPATH_SEARCH_PATHS = (
					"$(inherited)",
					"@executable_path/Frameworks",
					"@loader_path/Frameworks",
				);
				PRODUCT_BUNDLE_IDENTIFIER = shibahara107.CountAppTests;
				PRODUCT_NAME = "$(TARGET_NAME)";
				SWIFT_VERSION = 5.0;
				TARGETED_DEVICE_FAMILY = "1,2";
				TEST_HOST = "$(BUILT_PRODUCTS_DIR)/CountApp.app/CountApp";
			};
			name = Debug;
		};
		D17CC1B5250093B4006EB344 /* Release */ = {
			isa = XCBuildConfiguration;
			buildSettings = {
				ALWAYS_EMBED_SWIFT_STANDARD_LIBRARIES = YES;
				BUNDLE_LOADER = "$(TEST_HOST)";
				CODE_SIGN_STYLE = Automatic;
				DEVELOPMENT_TEAM = 4U939MWC6G;
				INFOPLIST_FILE = CountAppTests/Info.plist;
				IPHONEOS_DEPLOYMENT_TARGET = 13.7;
				LD_RUNPATH_SEARCH_PATHS = (
					"$(inherited)",
					"@executable_path/Frameworks",
					"@loader_path/Frameworks",
				);
				PRODUCT_BUNDLE_IDENTIFIER = shibahara107.CountAppTests;
				PRODUCT_NAME = "$(TARGET_NAME)";
				SWIFT_VERSION = 5.0;
				TARGETED_DEVICE_FAMILY = "1,2";
				TEST_HOST = "$(BUILT_PRODUCTS_DIR)/CountApp.app/CountApp";
			};
			name = Release;
		};
		D17CC1B7250093B4006EB344 /* Debug */ = {
			isa = XCBuildConfiguration;
			buildSettings = {
				ALWAYS_EMBED_SWIFT_STANDARD_LIBRARIES = YES;
				CODE_SIGN_STYLE = Automatic;
				DEVELOPMENT_TEAM = 4U939MWC6G;
				INFOPLIST_FILE = CountAppUITests/Info.plist;
				LD_RUNPATH_SEARCH_PATHS = (
					"$(inherited)",
					"@executable_path/Frameworks",
					"@loader_path/Frameworks",
				);
				PRODUCT_BUNDLE_IDENTIFIER = shibahara107.CountAppUITests;
				PRODUCT_NAME = "$(TARGET_NAME)";
				SWIFT_VERSION = 5.0;
				TARGETED_DEVICE_FAMILY = "1,2";
				TEST_TARGET_NAME = CountApp;
			};
			name = Debug;
		};
		D17CC1B8250093B4006EB344 /* Release */ = {
			isa = XCBuildConfiguration;
			buildSettings = {
				ALWAYS_EMBED_SWIFT_STANDARD_LIBRARIES = YES;
				CODE_SIGN_STYLE = Automatic;
				DEVELOPMENT_TEAM = 4U939MWC6G;
				INFOPLIST_FILE = CountAppUITests/Info.plist;
				LD_RUNPATH_SEARCH_PATHS = (
					"$(inherited)",
					"@executable_path/Frameworks",
					"@loader_path/Frameworks",
				);
				PRODUCT_BUNDLE_IDENTIFIER = shibahara107.CountAppUITests;
				PRODUCT_NAME = "$(TARGET_NAME)";
				SWIFT_VERSION = 5.0;
				TARGETED_DEVICE_FAMILY = "1,2";
				TEST_TARGET_NAME = CountApp;
			};
			name = Release;
		};
/* End XCBuildConfiguration section */

/* Begin XCConfigurationList section */
		D17CC181250093B2006EB344 /* Build configuration list for PBXProject "CountApp" */ = {
			isa = XCConfigurationList;
			buildConfigurations = (
				D17CC1AE250093B4006EB344 /* Debug */,
				D17CC1AF250093B4006EB344 /* Release */,
			);
			defaultConfigurationIsVisible = 0;
			defaultConfigurationName = Release;
		};
		D17CC1B0250093B4006EB344 /* Build configuration list for PBXNativeTarget "CountApp" */ = {
			isa = XCConfigurationList;
			buildConfigurations = (
				D17CC1B1250093B4006EB344 /* Debug */,
				D17CC1B2250093B4006EB344 /* Release */,
			);
			defaultConfigurationIsVisible = 0;
			defaultConfigurationName = Release;
		};
		D17CC1B3250093B4006EB344 /* Build configuration list for PBXNativeTarget "CountAppTests" */ = {
			isa = XCConfigurationList;
			buildConfigurations = (
				D17CC1B4250093B4006EB344 /* Debug */,
				D17CC1B5250093B4006EB344 /* Release */,
			);
			defaultConfigurationIsVisible = 0;
			defaultConfigurationName = Release;
		};
		D17CC1B6250093B4006EB344 /* Build configuration list for PBXNativeTarget "CountAppUITests" */ = {
			isa = XCConfigurationList;
			buildConfigurations = (
				D17CC1B7250093B4006EB344 /* Debug */,
				D17CC1B8250093B4006EB344 /* Release */,
			);
			defaultConfigurationIsVisible = 0;
			defaultConfigurationName = Release;
		};
/* End XCConfigurationList section */
	};
	rootObject = D17CC17E250093B2006EB344 /* Project object */;
}
