// !$*UTF8*$!
{
	archiveVersion = 1;
	classes = {
	};
	objectVersion = 50;
	objects = {

/* Begin PBXBuildFile section */
		D133B30E25010410009310D1 /* AppDelegate.swift in Sources */ = {isa = PBXBuildFile; fileRef = D133B30D25010410009310D1 /* AppDelegate.swift */; };
		D133B31025010410009310D1 /* SceneDelegate.swift in Sources */ = {isa = PBXBuildFile; fileRef = D133B30F25010410009310D1 /* SceneDelegate.swift */; };
		D133B31225010410009310D1 /* ViewController.swift in Sources */ = {isa = PBXBuildFile; fileRef = D133B31125010410009310D1 /* ViewController.swift */; };
		D133B31525010410009310D1 /* Main.storyboard in Resources */ = {isa = PBXBuildFile; fileRef = D133B31325010410009310D1 /* Main.storyboard */; };
		D133B31725010411009310D1 /* Assets.xcassets in Resources */ = {isa = PBXBuildFile; fileRef = D133B31625010411009310D1 /* Assets.xcassets */; };
		D133B31A25010411009310D1 /* LaunchScreen.storyboard in Resources */ = {isa = PBXBuildFile; fileRef = D133B31825010411009310D1 /* LaunchScreen.storyboard */; };
		D133B32525010411009310D1 /* StampTests.swift in Sources */ = {isa = PBXBuildFile; fileRef = D133B32425010411009310D1 /* StampTests.swift */; };
		D133B33025010411009310D1 /* StampUITests.swift in Sources */ = {isa = PBXBuildFile; fileRef = D133B32F25010411009310D1 /* StampUITests.swift */; };
		D133B3432501043B009310D1 /* hana.png in Resources */ = {isa = PBXBuildFile; fileRef = D133B33E2501043B009310D1 /* hana.png */; };
		D133B3442501043B009310D1 /* onpu.png in Resources */ = {isa = PBXBuildFile; fileRef = D133B33F2501043B009310D1 /* onpu.png */; };
		D133B3452501043B009310D1 /* hoshi.png in Resources */ = {isa = PBXBuildFile; fileRef = D133B3402501043B009310D1 /* hoshi.png */; };
		D133B3462501043B009310D1 /* background.png in Resources */ = {isa = PBXBuildFile; fileRef = D133B3412501043B009310D1 /* background.png */; };
		D133B3472501043B009310D1 /* shitumon.png in Resources */ = {isa = PBXBuildFile; fileRef = D133B3422501043B009310D1 /* shitumon.png */; };
/* End PBXBuildFile section */

/* Begin PBXContainerItemProxy section */
		D133B32125010411009310D1 /* PBXContainerItemProxy */ = {
			isa = PBXContainerItemProxy;
			containerPortal = D133B3022501040F009310D1 /* Project object */;
			proxyType = 1;
			remoteGlobalIDString = D133B30925010410009310D1;
			remoteInfo = Stamp;
		};
		D133B32C25010411009310D1 /* PBXContainerItemProxy */ = {
			isa = PBXContainerItemProxy;
			containerPortal = D133B3022501040F009310D1 /* Project object */;
			proxyType = 1;
			remoteGlobalIDString = D133B30925010410009310D1;
			remoteInfo = Stamp;
		};
/* End PBXContainerItemProxy section */

/* Begin PBXFileReference section */
		D133B30A25010410009310D1 /* Stamp.app */ = {isa = PBXFileReference; explicitFileType = wrapper.application; includeInIndex = 0; path = Stamp.app; sourceTree = BUILT_PRODUCTS_DIR; };
		D133B30D25010410009310D1 /* AppDelegate.swift */ = {isa = PBXFileReference; lastKnownFileType = sourcecode.swift; path = AppDelegate.swift; sourceTree = "<group>"; };
		D133B30F25010410009310D1 /* SceneDelegate.swift */ = {isa = PBXFileReference; lastKnownFileType = sourcecode.swift; path = SceneDelegate.swift; sourceTree = "<group>"; };
		D133B31125010410009310D1 /* ViewController.swift */ = {isa = PBXFileReference; lastKnownFileType = sourcecode.swift; path = ViewController.swift; sourceTree = "<group>"; };
		D133B31425010410009310D1 /* Base */ = {isa = PBXFileReference; lastKnownFileType = file.storyboard; name = Base; path = Base.lproj/Main.storyboard; sourceTree = "<group>"; };
		D133B31625010411009310D1 /* Assets.xcassets */ = {isa = PBXFileReference; lastKnownFileType = folder.assetcatalog; path = Assets.xcassets; sourceTree = "<group>"; };
		D133B31925010411009310D1 /* Base */ = {isa = PBXFileReference; lastKnownFileType = file.storyboard; name = Base; path = Base.lproj/LaunchScreen.storyboard; sourceTree = "<group>"; };
		D133B31B25010411009310D1 /* Info.plist */ = {isa = PBXFileReference; lastKnownFileType = text.plist.xml; path = Info.plist; sourceTree = "<group>"; };
		D133B32025010411009310D1 /* StampTests.xctest */ = {isa = PBXFileReference; explicitFileType = wrapper.cfbundle; includeInIndex = 0; path = StampTests.xctest; sourceTree = BUILT_PRODUCTS_DIR; };
		D133B32425010411009310D1 /* StampTests.swift */ = {isa = PBXFileReference; lastKnownFileType = sourcecode.swift; path = StampTests.swift; sourceTree = "<group>"; };
		D133B32625010411009310D1 /* Info.plist */ = {isa = PBXFileReference; lastKnownFileType = text.plist.xml; path = Info.plist; sourceTree = "<group>"; };
		D133B32B25010411009310D1 /* StampUITests.xctest */ = {isa = PBXFileReference; explicitFileType = wrapper.cfbundle; includeInIndex = 0; path = StampUITests.xctest; sourceTree = BUILT_PRODUCTS_DIR; };
		D133B32F25010411009310D1 /* StampUITests.swift */ = {isa = PBXFileReference; lastKnownFileType = sourcecode.swift; path = StampUITests.swift; sourceTree = "<group>"; };
		D133B33125010411009310D1 /* Info.plist */ = {isa = PBXFileReference; lastKnownFileType = text.plist.xml; path = Info.plist; sourceTree = "<group>"; };
		D133B33E2501043B009310D1 /* hana.png */ = {isa = PBXFileReference; lastKnownFileType = image.png; path = hana.png; sourceTree = "<group>"; };
		D133B33F2501043B009310D1 /* onpu.png */ = {isa = PBXFileReference; lastKnownFileType = image.png; path = onpu.png; sourceTree = "<group>"; };
		D133B3402501043B009310D1 /* hoshi.png */ = {isa = PBXFileReference; lastKnownFileType = image.png; path = hoshi.png; sourceTree = "<group>"; };
		D133B3412501043B009310D1 /* background.png */ = {isa = PBXFileReference; lastKnownFileType = image.png; path = background.png; sourceTree = "<group>"; };
		D133B3422501043B009310D1 /* shitumon.png */ = {isa = PBXFileReference; lastKnownFileType = image.png; path = shitumon.png; sourceTree = "<group>"; };
/* End PBXFileReference section */

/* Begin PBXFrameworksBuildPhase section */
		D133B30725010410009310D1 /* Frameworks */ = {
			isa = PBXFrameworksBuildPhase;
			buildActionMask = 2147483647;
			files = (
			);
			runOnlyForDeploymentPostprocessing = 0;
		};
		D133B31D25010411009310D1 /* Frameworks */ = {
			isa = PBXFrameworksBuildPhase;
			buildActionMask = 2147483647;
			files = (
			);
			runOnlyForDeploymentPostprocessing = 0;
		};
		D133B32825010411009310D1 /* Frameworks */ = {
			isa = PBXFrameworksBuildPhase;
			buildActionMask = 2147483647;
			files = (
			);
			runOnlyForDeploymentPostprocessing = 0;
		};
/* End PBXFrameworksBuildPhase section */

/* Begin PBXGroup section */
		D133B3012501040F009310D1 = {
			isa = PBXGroup;
			children = (
				D133B30C25010410009310D1 /* Stamp */,
				D133B32325010411009310D1 /* StampTests */,
				D133B32E25010411009310D1 /* StampUITests */,
				D133B30B25010410009310D1 /* Products */,
			);
			sourceTree = "<group>";
		};
		D133B30B25010410009310D1 /* Products */ = {
			isa = PBXGroup;
			children = (
				D133B30A25010410009310D1 /* Stamp.app */,
				D133B32025010411009310D1 /* StampTests.xctest */,
				D133B32B25010411009310D1 /* StampUITests.xctest */,
			);
			name = Products;
			sourceTree = "<group>";
		};
		D133B30C25010410009310D1 /* Stamp */ = {
			isa = PBXGroup;
			children = (
				D133B33D2501043B009310D1 /* Stamp素材 */,
				D133B30D25010410009310D1 /* AppDelegate.swift */,
				D133B30F25010410009310D1 /* SceneDelegate.swift */,
				D133B31125010410009310D1 /* ViewController.swift */,
				D133B31325010410009310D1 /* Main.storyboard */,
				D133B31625010411009310D1 /* Assets.xcassets */,
				D133B31825010411009310D1 /* LaunchScreen.storyboard */,
				D133B31B25010411009310D1 /* Info.plist */,
			);
			path = Stamp;
			sourceTree = "<group>";
		};
		D133B32325010411009310D1 /* StampTests */ = {
			isa = PBXGroup;
			children = (
				D133B32425010411009310D1 /* StampTests.swift */,
				D133B32625010411009310D1 /* Info.plist */,
			);
			path = StampTests;
			sourceTree = "<group>";
		};
		D133B32E25010411009310D1 /* StampUITests */ = {
			isa = PBXGroup;
			children = (
				D133B32F25010411009310D1 /* StampUITests.swift */,
				D133B33125010411009310D1 /* Info.plist */,
			);
			path = StampUITests;
			sourceTree = "<group>";
		};
		D133B33D2501043B009310D1 /* Stamp素材 */ = {
			isa = PBXGroup;
			children = (
				D133B33E2501043B009310D1 /* hana.png */,
				D133B33F2501043B009310D1 /* onpu.png */,
				D133B3402501043B009310D1 /* hoshi.png */,
				D133B3412501043B009310D1 /* background.png */,
				D133B3422501043B009310D1 /* shitumon.png */,
			);
			path = "Stamp素材";
			sourceTree = "<group>";
		};
/* End PBXGroup section */

/* Begin PBXNativeTarget section */
		D133B30925010410009310D1 /* Stamp */ = {
			isa = PBXNativeTarget;
			buildConfigurationList = D133B33425010411009310D1 /* Build configuration list for PBXNativeTarget "Stamp" */;
			buildPhases = (
				D133B30625010410009310D1 /* Sources */,
				D133B30725010410009310D1 /* Frameworks */,
				D133B30825010410009310D1 /* Resources */,
			);
			buildRules = (
			);
			dependencies = (
			);
			name = Stamp;
			productName = Stamp;
			productReference = D133B30A25010410009310D1 /* Stamp.app */;
			productType = "com.apple.product-type.application";
		};
		D133B31F25010411009310D1 /* StampTests */ = {
			isa = PBXNativeTarget;
			buildConfigurationList = D133B33725010411009310D1 /* Build configuration list for PBXNativeTarget "StampTests" */;
			buildPhases = (
				D133B31C25010411009310D1 /* Sources */,
				D133B31D25010411009310D1 /* Frameworks */,
				D133B31E25010411009310D1 /* Resources */,
			);
			buildRules = (
			);
			dependencies = (
				D133B32225010411009310D1 /* PBXTargetDependency */,
			);
			name = StampTests;
			productName = StampTests;
			productReference = D133B32025010411009310D1 /* StampTests.xctest */;
			productType = "com.apple.product-type.bundle.unit-test";
		};
		D133B32A25010411009310D1 /* StampUITests */ = {
			isa = PBXNativeTarget;
			buildConfigurationList = D133B33A25010411009310D1 /* Build configuration list for PBXNativeTarget "StampUITests" */;
			buildPhases = (
				D133B32725010411009310D1 /* Sources */,
				D133B32825010411009310D1 /* Frameworks */,
				D133B32925010411009310D1 /* Resources */,
			);
			buildRules = (
			);
			dependencies = (
				D133B32D25010411009310D1 /* PBXTargetDependency */,
			);
			name = StampUITests;
			productName = StampUITests;
			productReference = D133B32B25010411009310D1 /* StampUITests.xctest */;
			productType = "com.apple.product-type.bundle.ui-testing";
		};
/* End PBXNativeTarget section */

/* Begin PBXProject section */
		D133B3022501040F009310D1 /* Project object */ = {
			isa = PBXProject;
			attributes = {
				LastSwiftUpdateCheck = 1170;
				LastUpgradeCheck = 1170;
				ORGANIZATIONNAME = "Yoshinori Shibahara";
				TargetAttributes = {
					D133B30925010410009310D1 = {
						CreatedOnToolsVersion = 11.7;
					};
					D133B31F25010411009310D1 = {
						CreatedOnToolsVersion = 11.7;
						TestTargetID = D133B30925010410009310D1;
					};
					D133B32A25010411009310D1 = {
						CreatedOnToolsVersion = 11.7;
						TestTargetID = D133B30925010410009310D1;
					};
				};
			};
			buildConfigurationList = D133B3052501040F009310D1 /* Build configuration list for PBXProject "Stamp" */;
			compatibilityVersion = "Xcode 9.3";
			developmentRegion = en;
			hasScannedForEncodings = 0;
			knownRegions = (
				en,
				Base,
			);
			mainGroup = D133B3012501040F009310D1;
			productRefGroup = D133B30B25010410009310D1 /* Products */;
			projectDirPath = "";
			projectRoot = "";
			targets = (
				D133B30925010410009310D1 /* Stamp */,
				D133B31F25010411009310D1 /* StampTests */,
				D133B32A25010411009310D1 /* StampUITests */,
			);
		};
/* End PBXProject section */

/* Begin PBXResourcesBuildPhase section */
		D133B30825010410009310D1 /* Resources */ = {
			isa = PBXResourcesBuildPhase;
			buildActionMask = 2147483647;
			files = (
				D133B31A25010411009310D1 /* LaunchScreen.storyboard in Resources */,
				D133B3452501043B009310D1 /* hoshi.png in Resources */,
				D133B3462501043B009310D1 /* background.png in Resources */,
				D133B3442501043B009310D1 /* onpu.png in Resources */,
				D133B31725010411009310D1 /* Assets.xcassets in Resources */,
				D133B31525010410009310D1 /* Main.storyboard in Resources */,
				D133B3472501043B009310D1 /* shitumon.png in Resources */,
				D133B3432501043B009310D1 /* hana.png in Resources */,
			);
			runOnlyForDeploymentPostprocessing = 0;
		};
		D133B31E25010411009310D1 /* Resources */ = {
			isa = PBXResourcesBuildPhase;
			buildActionMask = 2147483647;
			files = (
			);
			runOnlyForDeploymentPostprocessing = 0;
		};
		D133B32925010411009310D1 /* Resources */ = {
			isa = PBXResourcesBuildPhase;
			buildActionMask = 2147483647;
			files = (
			);
			runOnlyForDeploymentPostprocessing = 0;
		};
/* End PBXResourcesBuildPhase section */

/* Begin PBXSourcesBuildPhase section */
		D133B30625010410009310D1 /* Sources */ = {
			isa = PBXSourcesBuildPhase;
			buildActionMask = 2147483647;
			files = (
				D133B31225010410009310D1 /* ViewController.swift in Sources */,
				D133B30E25010410009310D1 /* AppDelegate.swift in Sources */,
				D133B31025010410009310D1 /* SceneDelegate.swift in Sources */,
			);
			runOnlyForDeploymentPostprocessing = 0;
		};
		D133B31C25010411009310D1 /* Sources */ = {
			isa = PBXSourcesBuildPhase;
			buildActionMask = 2147483647;
			files = (
				D133B32525010411009310D1 /* StampTests.swift in Sources */,
			);
			runOnlyForDeploymentPostprocessing = 0;
		};
		D133B32725010411009310D1 /* Sources */ = {
			isa = PBXSourcesBuildPhase;
			buildActionMask = 2147483647;
			files = (
				D133B33025010411009310D1 /* StampUITests.swift in Sources */,
			);
			runOnlyForDeploymentPostprocessing = 0;
		};
/* End PBXSourcesBuildPhase section */

/* Begin PBXTargetDependency section */
		D133B32225010411009310D1 /* PBXTargetDependency */ = {
			isa = PBXTargetDependency;
			target = D133B30925010410009310D1 /* Stamp */;
			targetProxy = D133B32125010411009310D1 /* PBXContainerItemProxy */;
		};
		D133B32D25010411009310D1 /* PBXTargetDependency */ = {
			isa = PBXTargetDependency;
			target = D133B30925010410009310D1 /* Stamp */;
			targetProxy = D133B32C25010411009310D1 /* PBXContainerItemProxy */;
		};
/* End PBXTargetDependency section */

/* Begin PBXVariantGroup section */
		D133B31325010410009310D1 /* Main.storyboard */ = {
			isa = PBXVariantGroup;
			children = (
				D133B31425010410009310D1 /* Base */,
			);
			name = Main.storyboard;
			sourceTree = "<group>";
		};
		D133B31825010411009310D1 /* LaunchScreen.storyboard */ = {
			isa = PBXVariantGroup;
			children = (
				D133B31925010411009310D1 /* Base */,
			);
			name = LaunchScreen.storyboard;
			sourceTree = "<group>";
		};
/* End PBXVariantGroup section */

/* Begin XCBuildConfiguration section */
		D133B33225010411009310D1 /* Debug */ = {
			isa = XCBuildConfiguration;
			buildSettings = {
				ALWAYS_SEARCH_USER_PATHS = NO;
				CLANG_ANALYZER_NONNULL = YES;
				CLANG_ANALYZER_NUMBER_OBJECT_CONVERSION = YES_AGGRESSIVE;
				CLANG_CXX_LANGUAGE_STANDARD = "gnu++14";
				CLANG_CXX_LIBRARY = "libc++";
				CLANG_ENABLE_MODULES = YES;
				CLANG_ENABLE_OBJC_ARC = YES;
				CLANG_ENABLE_OBJC_WEAK = YES;
				CLANG_WARN_BLOCK_CAPTURE_AUTORELEASING = YES;
				CLANG_WARN_BOOL_CONVERSION = YES;
				CLANG_WARN_COMMA = YES;
				CLANG_WARN_CONSTANT_CONVERSION = YES;
				CLANG_WARN_DEPRECATED_OBJC_IMPLEMENTATIONS = YES;
				CLANG_WARN_DIRECT_OBJC_ISA_USAGE = YES_ERROR;
				CLANG_WARN_DOCUMENTATION_COMMENTS = YES;
				CLANG_WARN_EMPTY_BODY = YES;
				CLANG_WARN_ENUM_CONVERSION = YES;
				CLANG_WARN_INFINITE_RECURSION = YES;
				CLANG_WARN_INT_CONVERSION = YES;
				CLANG_WARN_NON_LITERAL_NULL_CONVERSION = YES;
				CLANG_WARN_OBJC_IMPLICIT_RETAIN_SELF = YES;
				CLANG_WARN_OBJC_LITERAL_CONVERSION = YES;
				CLANG_WARN_OBJC_ROOT_CLASS = YES_ERROR;
				CLANG_WARN_RANGE_LOOP_ANALYSIS = YES;
				CLANG_WARN_STRICT_PROTOTYPES = YES;
				CLANG_WARN_SUSPICIOUS_MOVE = YES;
				CLANG_WARN_UNGUARDED_AVAILABILITY = YES_AGGRESSIVE;
				CLANG_WARN_UNREACHABLE_CODE = YES;
				CLANG_WARN__DUPLICATE_METHOD_MATCH = YES;
				COPY_PHASE_STRIP = NO;
				DEBUG_INFORMATION_FORMAT = dwarf;
				ENABLE_STRICT_OBJC_MSGSEND = YES;
				ENABLE_TESTABILITY = YES;
				GCC_C_LANGUAGE_STANDARD = gnu11;
				GCC_DYNAMIC_NO_PIC = NO;
				GCC_NO_COMMON_BLOCKS = YES;
				GCC_OPTIMIZATION_LEVEL = 0;
				GCC_PREPROCESSOR_DEFINITIONS = (
					"DEBUG=1",
					"$(inherited)",
				);
				GCC_WARN_64_TO_32_BIT_CONVERSION = YES;
				GCC_WARN_ABOUT_RETURN_TYPE = YES_ERROR;
				GCC_WARN_UNDECLARED_SELECTOR = YES;
				GCC_WARN_UNINITIALIZED_AUTOS = YES_AGGRESSIVE;
				GCC_WARN_UNUSED_FUNCTION = YES;
				GCC_WARN_UNUSED_VARIABLE = YES;
				IPHONEOS_DEPLOYMENT_TARGET = 13.7;
				MTL_ENABLE_DEBUG_INFO = INCLUDE_SOURCE;
				MTL_FAST_MATH = YES;
				ONLY_ACTIVE_ARCH = YES;
				SDKROOT = iphoneos;
				SWIFT_ACTIVE_COMPILATION_CONDITIONS = DEBUG;
				SWIFT_OPTIMIZATION_LEVEL = "-Onone";
			};
			name = Debug;
		};
		D133B33325010411009310D1 /* Release */ = {
			isa = XCBuildConfiguration;
			buildSettings = {
				ALWAYS_SEARCH_USER_PATHS = NO;
				CLANG_ANALYZER_NONNULL = YES;
				CLANG_ANALYZER_NUMBER_OBJECT_CONVERSION = YES_AGGRESSIVE;
				CLANG_CXX_LANGUAGE_STANDARD = "gnu++14";
				CLANG_CXX_LIBRARY = "libc++";
				CLANG_ENABLE_MODULES = YES;
				CLANG_ENABLE_OBJC_ARC = YES;
				CLANG_ENABLE_OBJC_WEAK = YES;
				CLANG_WARN_BLOCK_CAPTURE_AUTORELEASING = YES;
				CLANG_WARN_BOOL_CONVERSION = YES;
				CLANG_WARN_COMMA = YES;
				CLANG_WARN_CONSTANT_CONVERSION = YES;
				CLANG_WARN_DEPRECATED_OBJC_IMPLEMENTATIONS = YES;
				CLANG_WARN_DIRECT_OBJC_ISA_USAGE = YES_ERROR;
				CLANG_WARN_DOCUMENTATION_COMMENTS = YES;
				CLANG_WARN_EMPTY_BODY = YES;
				CLANG_WARN_ENUM_CONVERSION = YES;
				CLANG_WARN_INFINITE_RECURSION = YES;
				CLANG_WARN_INT_CONVERSION = YES;
				CLANG_WARN_NON_LITERAL_NULL_CONVERSION = YES;
				CLANG_WARN_OBJC_IMPLICIT_RETAIN_SELF = YES;
				CLANG_WARN_OBJC_LITERAL_CONVERSION = YES;
				CLANG_WARN_OBJC_ROOT_CLASS = YES_ERROR;
				CLANG_WARN_RANGE_LOOP_ANALYSIS = YES;
				CLANG_WARN_STRICT_PROTOTYPES = YES;
				CLANG_WARN_SUSPICIOUS_MOVE = YES;
				CLANG_WARN_UNGUARDED_AVAILABILITY = YES_AGGRESSIVE;
				CLANG_WARN_UNREACHABLE_CODE = YES;
				CLANG_WARN__DUPLICATE_METHOD_MATCH = YES;
				COPY_PHASE_STRIP = NO;
				DEBUG_INFORMATION_FORMAT = "dwarf-with-dsym";
				ENABLE_NS_ASSERTIONS = NO;
				ENABLE_STRICT_OBJC_MSGSEND = YES;
				GCC_C_LANGUAGE_STANDARD = gnu11;
				GCC_NO_COMMON_BLOCKS = YES;
				GCC_WARN_64_TO_32_BIT_CONVERSION = YES;
				GCC_WARN_ABOUT_RETURN_TYPE = YES_ERROR;
				GCC_WARN_UNDECLARED_SELECTOR = YES;
				GCC_WARN_UNINITIALIZED_AUTOS = YES_AGGRESSIVE;
				GCC_WARN_UNUSED_FUNCTION = YES;
				GCC_WARN_UNUSED_VARIABLE = YES;
				IPHONEOS_DEPLOYMENT_TARGET = 13.7;
				MTL_ENABLE_DEBUG_INFO = NO;
				MTL_FAST_MATH = YES;
				SDKROOT = iphoneos;
				SWIFT_COMPILATION_MODE = wholemodule;
				SWIFT_OPTIMIZATION_LEVEL = "-O";
				VALIDATE_PRODUCT = YES;
			};
			name = Release;
		};
		D133B33525010411009310D1 /* Debug */ = {
			isa = XCBuildConfiguration;
			buildSettings = {
				ASSETCATALOG_COMPILER_APPICON_NAME = AppIcon;
				CODE_SIGN_STYLE = Automatic;
				DEVELOPMENT_TEAM = 4U939MWC6G;
				INFOPLIST_FILE = Stamp/Info.plist;
				LD_RUNPATH_SEARCH_PATHS = (
					"$(inherited)",
					"@executable_path/Frameworks",
				);
				PRODUCT_BUNDLE_IDENTIFIER = shibahara107.Stamp;
				PRODUCT_NAME = "$(TARGET_NAME)";
				SWIFT_VERSION = 5.0;
				TARGETED_DEVICE_FAMILY = "1,2";
			};
			name = Debug;
		};
		D133B33625010411009310D1 /* Release */ = {
			isa = XCBuildConfiguration;
			buildSettings = {
				ASSETCATALOG_COMPILER_APPICON_NAME = AppIcon;
				CODE_SIGN_STYLE = Automatic;
				DEVELOPMENT_TEAM = 4U939MWC6G;
				INFOPLIST_FILE = Stamp/Info.plist;
				LD_RUNPATH_SEARCH_PATHS = (
					"$(inherited)",
					"@executable_path/Frameworks",
				);
				PRODUCT_BUNDLE_IDENTIFIER = shibahara107.Stamp;
				PRODUCT_NAME = "$(TARGET_NAME)";
				SWIFT_VERSION = 5.0;
				TARGETED_DEVICE_FAMILY = "1,2";
			};
			name = Release;
		};
		D133B33825010411009310D1 /* Debug */ = {
			isa = XCBuildConfiguration;
			buildSettings = {
				ALWAYS_EMBED_SWIFT_STANDARD_LIBRARIES = YES;
				BUNDLE_LOADER = "$(TEST_HOST)";
				CODE_SIGN_STYLE = Automatic;
				DEVELOPMENT_TEAM = 4U939MWC6G;
				INFOPLIST_FILE = StampTests/Info.plist;
				IPHONEOS_DEPLOYMENT_TARGET = 13.7;
				LD_RUNPATH_SEARCH_PATHS = (
					"$(inherited)",
					"@executable_path/Frameworks",
					"@loader_path/Frameworks",
				);
				PRODUCT_BUNDLE_IDENTIFIER = shibahara107.StampTests;
				PRODUCT_NAME = "$(TARGET_NAME)";
				SWIFT_VERSION = 5.0;
				TARGETED_DEVICE_FAMILY = "1,2";
				TEST_HOST = "$(BUILT_PRODUCTS_DIR)/Stamp.app/Stamp";
			};
			name = Debug;
		};
		D133B33925010411009310D1 /* Release */ = {
			isa = XCBuildConfiguration;
			buildSettings = {
				ALWAYS_EMBED_SWIFT_STANDARD_LIBRARIES = YES;
				BUNDLE_LOADER = "$(TEST_HOST)";
				CODE_SIGN_STYLE = Automatic;
				DEVELOPMENT_TEAM = 4U939MWC6G;
				INFOPLIST_FILE = StampTests/Info.plist;
				IPHONEOS_DEPLOYMENT_TARGET = 13.7;
				LD_RUNPATH_SEARCH_PATHS = (
					"$(inherited)",
					"@executable_path/Frameworks",
					"@loader_path/Frameworks",
				);
				PRODUCT_BUNDLE_IDENTIFIER = shibahara107.StampTests;
				PRODUCT_NAME = "$(TARGET_NAME)";
				SWIFT_VERSION = 5.0;
				TARGETED_DEVICE_FAMILY = "1,2";
				TEST_HOST = "$(BUILT_PRODUCTS_DIR)/Stamp.app/Stamp";
			};
			name = Release;
		};
		D133B33B25010411009310D1 /* Debug */ = {
			isa = XCBuildConfiguration;
			buildSettings = {
				ALWAYS_EMBED_SWIFT_STANDARD_LIBRARIES = YES;
				CODE_SIGN_STYLE = Automatic;
				DEVELOPMENT_TEAM = 4U939MWC6G;
				INFOPLIST_FILE = StampUITests/Info.plist;
				LD_RUNPATH_SEARCH_PATHS = (
					"$(inherited)",
					"@executable_path/Frameworks",
					"@loader_path/Frameworks",
				);
				PRODUCT_BUNDLE_IDENTIFIER = shibahara107.StampUITests;
				PRODUCT_NAME = "$(TARGET_NAME)";
				SWIFT_VERSION = 5.0;
				TARGETED_DEVICE_FAMILY = "1,2";
				TEST_TARGET_NAME = Stamp;
			};
			name = Debug;
		};
		D133B33C25010411009310D1 /* Release */ = {
			isa = XCBuildConfiguration;
			buildSettings = {
				ALWAYS_EMBED_SWIFT_STANDARD_LIBRARIES = YES;
				CODE_SIGN_STYLE = Automatic;
				DEVELOPMENT_TEAM = 4U939MWC6G;
				INFOPLIST_FILE = StampUITests/Info.plist;
				LD_RUNPATH_SEARCH_PATHS = (
					"$(inherited)",
					"@executable_path/Frameworks",
					"@loader_path/Frameworks",
				);
				PRODUCT_BUNDLE_IDENTIFIER = shibahara107.StampUITests;
				PRODUCT_NAME = "$(TARGET_NAME)";
				SWIFT_VERSION = 5.0;
				TARGETED_DEVICE_FAMILY = "1,2";
				TEST_TARGET_NAME = Stamp;
			};
			name = Release;
		};
/* End XCBuildConfiguration section */

/* Begin XCConfigurationList section */
		D133B3052501040F009310D1 /* Build configuration list for PBXProject "Stamp" */ = {
			isa = XCConfigurationList;
			buildConfigurations = (
				D133B33225010411009310D1 /* Debug */,
				D133B33325010411009310D1 /* Release */,
			);
			defaultConfigurationIsVisible = 0;
			defaultConfigurationName = Release;
		};
		D133B33425010411009310D1 /* Build configuration list for PBXNativeTarget "Stamp" */ = {
			isa = XCConfigurationList;
			buildConfigurations = (
				D133B33525010411009310D1 /* Debug */,
				D133B33625010411009310D1 /* Release */,
			);
			defaultConfigurationIsVisible = 0;
			defaultConfigurationName = Release;
		};
		D133B33725010411009310D1 /* Build configuration list for PBXNativeTarget "StampTests" */ = {
			isa = XCConfigurationList;
			buildConfigurations = (
				D133B33825010411009310D1 /* Debug */,
				D133B33925010411009310D1 /* Release */,
			);
			defaultConfigurationIsVisible = 0;
			defaultConfigurationName = Release;
		};
		D133B33A25010411009310D1 /* Build configuration list for PBXNativeTarget "StampUITests" */ = {
			isa = XCConfigurationList;
			buildConfigurations = (
				D133B33B25010411009310D1 /* Debug */,
				D133B33C25010411009310D1 /* Release */,
			);
			defaultConfigurationIsVisible = 0;
			defaultConfigurationName = Release;
		};
/* End XCConfigurationList section */
	};
	rootObject = D133B3022501040F009310D1 /* Project object */;
}
